hash: 25fc2eabe989180f5e02f02f9ef777b8e53ac3eac74d1a8cb8ba2243b7a5fd2b
updated: 2018-01-24T11:55:44.634177+08:00
imports:
- name: github.com/gin-contrib/sse
  version: 22d885f9ecc78bf4ee5d72b937e4bbcdc58e8cae
- name: github.com/gin-gonic/gin
  version: d459835d2b077e44f7c9b453505ee29881d5d12d
  subpackages:
  - binding
  - render
- name: github.com/globalsign/mgo
  version: 896bbb89d21253a28cd5a7f8b81fe091410cb94d
  subpackages:
  - bson
  - internal/json
  - internal/sasl
  - internal/scram
- name: github.com/golang/protobuf
  version: c65a0412e71e8b9b3bfd22925720d23c0f054237
  subpackages:
  - proto
- name: github.com/jessevdk/go-flags
  version: 96dc06278ce32a0e9d957d590bb987c81ee66407
- name: github.com/mattn/go-isatty
  version: 0360b2af4f38e8d38c7fce2a9f4e702702d73a39
- name: github.com/ugorji/go
  version: 9831f2c3ac1068a78f50999a30db84270f647af6
  subpackages:
  - codec
- name: golang.org/x/sys
  version: e48874b42435b4347fc52bdee0424a52abc974d7
  subpackages:
  - unix
- name: gopkg.in/go-playground/validator.v8
  version: 5f1438d3fca68893a817e4a66806cea46a9e4ebf
- name: gopkg.in/yaml.v2
  version: eb3733d160e74a9c7e442f435eb3bea458e1d19f
testImports: []
